# DO NOT EDIT MANUALLY - Managed by Fern Replay
version: "1.0"
generations:
  - commit_sha: 703f733caea380d524821bfe1617886f7094e70f
    tree_hash: b39d50a020beb57ce1c2d56c070f3e96c4a28ee7
    timestamp: 2026-05-26T15:54:41.828Z
    cli_version: unknown
    generator_versions: {}
current_generation: 703f733caea380d524821bfe1617886f7094e70f
patches: []
